// !$*UTF8*$!
{
	archiveVersion = 1;
	classes = {
	};
	objectVersion = 46;
	objects = {

/* Begin PBXBuildFile section */
		C7497A621B2F77CF00F03035 /* main.m in Sources */ = {isa = PBXBuildFile; fileRef = C7497A611B2F77CF00F03035 /* main.m */; };
		C7497A651B2F77CF00F03035 /* AppDelegate.m in Sources */ = {isa = PBXBuildFile; fileRef = C7497A641B2F77CF00F03035 /* AppDelegate.m */; };
		C7497A681B2F77CF00F03035 /* ViewController.m in Sources */ = {isa = PBXBuildFile; fileRef = C7497A671B2F77CF00F03035 /* ViewController.m */; };
		C7497A6B1B2F77CF00F03035 /* Main.storyboard in Resources */ = {isa = PBXBuildFile; fileRef = C7497A691B2F77CF00F03035 /* Main.storyboard */; };
		C7497A6D1B2F77CF00F03035 /* Images.xcassets in Resources */ = {isa = PBXBuildFile; fileRef = C7497A6C1B2F77CF00F03035 /* Images.xcassets */; };
		C7497A701B2F77CF00F03035 /* LaunchScreen.xib in Resources */ = {isa = PBXBuildFile; fileRef = C7497A6E1B2F77CF00F03035 /* LaunchScreen.xib */; };
		C7497A7C1B2F77CF00F03035 /* FunFactsTests.m in Sources */ = {isa = PBXBuildFile; fileRef = C7497A7B1B2F77CF00F03035 /* FunFactsTests.m */; };
		C768D5101B30435F00C9296C /* FactBook.m in Sources */ = {isa = PBXBuildFile; fileRef = C768D50F1B30435F00C9296C /* FactBook.m */; };
		C7E2267A1B305EA2001778D6 /* ColorWheel.m in Sources */ = {isa = PBXBuildFile; fileRef = C7E226791B305EA2001778D6 /* ColorWheel.m */; };
/* End PBXBuildFile section */

/* Begin PBXContainerItemProxy section */
		C7497A761B2F77CF00F03035 /* PBXContainerItemProxy */ = {
			isa = PBXContainerItemProxy;
			containerPortal = C7497A541B2F77CF00F03035 /* Project object */;
			proxyType = 1;
			remoteGlobalIDString = C7497A5B1B2F77CF00F03035;
			remoteInfo = FunFacts;
		};
/* End PBXContainerItemProxy section */

/* Begin PBXFileReference section */
		C7497A5C1B2F77CF00F03035 /* FunFacts.app */ = {isa = PBXFileReference; explicitFileType = wrapper.application; includeInIndex = 0; path = FunFacts.app; sourceTree = BUILT_PRODUCTS_DIR; };
		C7497A601B2F77CF00F03035 /* Info.plist */ = {isa = PBXFileReference; lastKnownFileType = text.plist.xml; path = Info.plist; sourceTree = "<group>"; };
		C7497A611B2F77CF00F03035 /* main.m */ = {isa = PBXFileReference; lastKnownFileType = sourcecode.c.objc; path = main.m; sourceTree = "<group>"; };
		C7497A631B2F77CF00F03035 /* AppDelegate.h */ = {isa = PBXFileReference; lastKnownFileType = sourcecode.c.h; path = AppDelegate.h; sourceTree = "<group>"; };
		C7497A641B2F77CF00F03035 /* AppDelegate.m */ = {isa = PBXFileReference; lastKnownFileType = sourcecode.c.objc; path = AppDelegate.m; sourceTree = "<group>"; };
		C7497A661B2F77CF00F03035 /* ViewController.h */ = {isa = PBXFileReference; lastKnownFileType = sourcecode.c.h; path = ViewController.h; sourceTree = "<group>"; };
		C7497A671B2F77CF00F03035 /* ViewController.m */ = {isa = PBXFileReference; lastKnownFileType = sourcecode.c.objc; path = ViewController.m; sourceTree = "<group>"; };
		C7497A6A1B2F77CF00F03035 /* Base */ = {isa = PBXFileReference; lastKnownFileType = file.storyboard; name = Base; path = Base.lproj/Main.storyboard; sourceTree = "<group>"; };
		C7497A6C1B2F77CF00F03035 /* Images.xcassets */ = {isa = PBXFileReference; lastKnownFileType = folder.assetcatalog; path = Images.xcassets; sourceTree = "<group>"; };
		C7497A6F1B2F77CF00F03035 /* Base */ = {isa = PBXFileReference; lastKnownFileType = file.xib; name = Base; path = Base.lproj/LaunchScreen.xib; sourceTree = "<group>"; };
		C7497A751B2F77CF00F03035 /* FunFactsTests.xctest */ = {isa = PBXFileReference; explicitFileType = wrapper.cfbundle; includeInIndex = 0; path = FunFactsTests.xctest; sourceTree = BUILT_PRODUCTS_DIR; };
		C7497A7A1B2F77CF00F03035 /* Info.plist */ = {isa = PBXFileReference; lastKnownFileType = text.plist.xml; path = Info.plist; sourceTree = "<group>"; };
		C7497A7B1B2F77CF00F03035 /* FunFactsTests.m */ = {isa = PBXFileReference; lastKnownFileType = sourcecode.c.objc; path = FunFactsTests.m; sourceTree = "<group>"; };
		C768D50E1B30435F00C9296C /* FactBook.h */ = {isa = PBXFileReference; fileEncoding = 4; lastKnownFileType = sourcecode.c.h; path = FactBook.h; sourceTree = "<group>"; };
		C768D50F1B30435F00C9296C /* FactBook.m */ = {isa = PBXFileReference; fileEncoding = 4; lastKnownFileType = sourcecode.c.objc; path = FactBook.m; sourceTree = "<group>"; };
		C7E226781B305EA2001778D6 /* ColorWheel.h */ = {isa = PBXFileReference; fileEncoding = 4; lastKnownFileType = sourcecode.c.h; path = ColorWheel.h; sourceTree = "<group>"; };
		C7E226791B305EA2001778D6 /* ColorWheel.m */ = {isa = PBXFileReference; fileEncoding = 4; lastKnownFileType = sourcecode.c.objc; path = ColorWheel.m; sourceTree = "<group>"; };
/* End PBXFileReference section */

/* Begin PBXFrameworksBuildPhase section */
		C7497A591B2F77CF00F03035 /* Frameworks */ = {
			isa = PBXFrameworksBuildPhase;
			buildActionMask = 2147483647;
			files = (
			);
			runOnlyForDeploymentPostprocessing = 0;
		};
		C7497A721B2F77CF00F03035 /* Frameworks */ = {
			isa = PBXFrameworksBuildPhase;
			buildActionMask = 2147483647;
			files = (
			);
			runOnlyForDeploymentPostprocessing = 0;
		};
/* End PBXFrameworksBuildPhase section */

/* Begin PBXGroup section */
		C7497A531B2F77CF00F03035 = {
			isa = PBXGroup;
			children = (
				C7497A5E1B2F77CF00F03035 /* FunFacts */,
				C7497A781B2F77CF00F03035 /* FunFactsTests */,
				C7497A5D1B2F77CF00F03035 /* Products */,
			);
			sourceTree = "<group>";
		};
		C7497A5D1B2F77CF00F03035 /* Products */ = {
			isa = PBXGroup;
			children = (
				C7497A5C1B2F77CF00F03035 /* FunFacts.app */,
				C7497A751B2F77CF00F03035 /* FunFactsTests.xctest */,
			);
			name = Products;
			sourceTree = "<group>";
		};
		C7497A5E1B2F77CF00F03035 /* FunFacts */ = {
			isa = PBXGroup;
			children = (
				C7497A631B2F77CF00F03035 /* AppDelegate.h */,
				C7497A641B2F77CF00F03035 /* AppDelegate.m */,
				C7497A661B2F77CF00F03035 /* ViewController.h */,
				C7497A671B2F77CF00F03035 /* ViewController.m */,
				C768D50E1B30435F00C9296C /* FactBook.h */,
				C768D50F1B30435F00C9296C /* FactBook.m */,
				C7E226781B305EA2001778D6 /* ColorWheel.h */,
				C7E226791B305EA2001778D6 /* ColorWheel.m */,
				C7497A691B2F77CF00F03035 /* Main.storyboard */,
				C7497A6C1B2F77CF00F03035 /* Images.xcassets */,
				C7497A6E1B2F77CF00F03035 /* LaunchScreen.xib */,
				C7497A5F1B2F77CF00F03035 /* Supporting Files */,
			);
			path = FunFacts;
			sourceTree = "<group>";
		};
		C7497A5F1B2F77CF00F03035 /* Supporting Files */ = {
			isa = PBXGroup;
			children = (
				C7497A601B2F77CF00F03035 /* Info.plist */,
				C7497A611B2F77CF00F03035 /* main.m */,
			);
			name = "Supporting Files";
			sourceTree = "<group>";
		};
		C7497A781B2F77CF00F03035 /* FunFactsTests */ = {
			isa = PBXGroup;
			children = (
				C7497A7B1B2F77CF00F03035 /* FunFactsTests.m */,
				C7497A791B2F77CF00F03035 /* Supporting Files */,
			);
			path = FunFactsTests;
			sourceTree = "<group>";
		};
		C7497A791B2F77CF00F03035 /* Supporting Files */ = {
			isa = PBXGroup;
			children = (
				C7497A7A1B2F77CF00F03035 /* Info.plist */,
			);
			name = "Supporting Files";
			sourceTree = "<group>";
		};
/* End PBXGroup section */

/* Begin PBXNativeTarget section */
		C7497A5B1B2F77CF00F03035 /* FunFacts */ = {
			isa = PBXNativeTarget;
			buildConfigurationList = C7497A7F1B2F77CF00F03035 /* Build configuration list for PBXNativeTarget "FunFacts" */;
			buildPhases = (
				C7497A581B2F77CF00F03035 /* Sources */,
				C7497A591B2F77CF00F03035 /* Frameworks */,
				C7497A5A1B2F77CF00F03035 /* Resources */,
			);
			buildRules = (
			);
			dependencies = (
			);
			name = FunFacts;
			productName = FunFacts;
			productReference = C7497A5C1B2F77CF00F03035 /* FunFacts.app */;
			productType = "com.apple.product-type.application";
		};
		C7497A741B2F77CF00F03035 /* FunFactsTests */ = {
			isa = PBXNativeTarget;
			buildConfigurationList = C7497A821B2F77CF00F03035 /* Build configuration list for PBXNativeTarget "FunFactsTests" */;
			buildPhases = (
				C7497A711B2F77CF00F03035 /* Sources */,
				C7497A721B2F77CF00F03035 /* Frameworks */,
				C7497A731B2F77CF00F03035 /* Resources */,
			);
			buildRules = (
			);
			dependencies = (
				C7497A771B2F77CF00F03035 /* PBXTargetDependency */,
			);
			name = FunFactsTests;
			productName = FunFactsTests;
			productReference = C7497A751B2F77CF00F03035 /* FunFactsTests.xctest */;
			productType = "com.apple.product-type.bundle.unit-test";
		};
/* End PBXNativeTarget section */

/* Begin PBXProject section */
		C7497A541B2F77CF00F03035 /* Project object */ = {
			isa = PBXProject;
			attributes = {
				LastUpgradeCheck = 0630;
				ORGANIZATIONNAME = "Alp Eren Can";
				TargetAttributes = {
					C7497A5B1B2F77CF00F03035 = {
						CreatedOnToolsVersion = 6.3.2;
					};
					C7497A741B2F77CF00F03035 = {
						CreatedOnToolsVersion = 6.3.2;
						TestTargetID = C7497A5B1B2F77CF00F03035;
					};
				};
			};
			buildConfigurationList = C7497A571B2F77CF00F03035 /* Build configuration list for PBXProject "FunFacts" */;
			compatibilityVersion = "Xcode 3.2";
			developmentRegion = English;
			hasScannedForEncodings = 0;
			knownRegions = (
				en,
				Base,
			);
			mainGroup = C7497A531B2F77CF00F03035;
			productRefGroup = C7497A5D1B2F77CF00F03035 /* Products */;
			projectDirPath = "";
			projectRoot = "";
			targets = (
				C7497A5B1B2F77CF00F03035 /* FunFacts */,
				C7497A741B2F77CF00F03035 /* FunFactsTests */,
			);
		};
/* End PBXProject section */

/* Begin PBXResourcesBuildPhase section */
		C7497A5A1B2F77CF00F03035 /* Resources */ = {
			isa = PBXResourcesBuildPhase;
			buildActionMask = 2147483647;
			files = (
				C7497A6B1B2F77CF00F03035 /* Main.storyboard in Resources */,
				C7497A701B2F77CF00F03035 /* LaunchScreen.xib in Resources */,
				C7497A6D1B2F77CF00F03035 /* Images.xcassets in Resources */,
			);
			runOnlyForDeploymentPostprocessing = 0;
		};
		C7497A731B2F77CF00F03035 /* Resources */ = {
			isa = PBXResourcesBuildPhase;
			buildActionMask = 2147483647;
			files = (
			);
			runOnlyForDeploymentPostprocessing = 0;
		};
/* End PBXResourcesBuildPhase section */

/* Begin PBXSourcesBuildPhase section */
		C7497A581B2F77CF00F03035 /* Sources */ = {
			isa = PBXSourcesBuildPhase;
			buildActionMask = 2147483647;
			files = (
				C7497A681B2F77CF00F03035 /* ViewController.m in Sources */,
				C7497A651B2F77CF00F03035 /* AppDelegate.m in Sources */,
				C768D5101B30435F00C9296C /* FactBook.m in Sources */,
				C7497A621B2F77CF00F03035 /* main.m in Sources */,
				C7E2267A1B305EA2001778D6 /* ColorWheel.m in Sources */,
			);
			runOnlyForDeploymentPostprocessing = 0;
		};
		C7497A711B2F77CF00F03035 /* Sources */ = {
			isa = PBXSourcesBuildPhase;
			buildActionMask = 2147483647;
			files = (
				C7497A7C1B2F77CF00F03035 /* FunFactsTests.m in Sources */,
			);
			runOnlyForDeploymentPostprocessing = 0;
		};
/* End PBXSourcesBuildPhase section */

/* Begin PBXTargetDependency section */
		C7497A771B2F77CF00F03035 /* PBXTargetDependency */ = {
			isa = PBXTargetDependency;
			target = C7497A5B1B2F77CF00F03035 /* FunFacts */;
			targetProxy = C7497A761B2F77CF00F03035 /* PBXContainerItemProxy */;
		};
/* End PBXTargetDependency section */

/* Begin PBXVariantGroup section */
		C7497A691B2F77CF00F03035 /* Main.storyboard */ = {
			isa = PBXVariantGroup;
			children = (
				C7497A6A1B2F77CF00F03035 /* Base */,
			);
			name = Main.storyboard;
			sourceTree = "<group>";
		};
		C7497A6E1B2F77CF00F03035 /* LaunchScreen.xib */ = {
			isa = PBXVariantGroup;
			children = (
				C7497A6F1B2F77CF00F03035 /* Base */,
			);
			name = LaunchScreen.xib;
			sourceTree = "<group>";
		};
/* End PBXVariantGroup section */

/* Begin XCBuildConfiguration section */
		C7497A7D1B2F77CF00F03035 /* Debug */ = {
			isa = XCBuildConfiguration;
			buildSettings = {
				ALWAYS_SEARCH_USER_PATHS = NO;
				CLANG_CXX_LANGUAGE_STANDARD = "gnu++0x";
				CLANG_CXX_LIBRARY = "libc++";
				CLANG_ENABLE_MODULES = YES;
				CLANG_ENABLE_OBJC_ARC = YES;
				CLANG_WARN_BOOL_CONVERSION = YES;
				CLANG_WARN_CONSTANT_CONVERSION = YES;
				CLANG_WARN_DIRECT_OBJC_ISA_USAGE = YES_ERROR;
				CLANG_WARN_EMPTY_BODY = YES;
				CLANG_WARN_ENUM_CONVERSION = YES;
				CLANG_WARN_INT_CONVERSION = YES;
				CLANG_WARN_OBJC_ROOT_CLASS = YES_ERROR;
				CLANG_WARN_UNREACHABLE_CODE = YES;
				CLANG_WARN__DUPLICATE_METHOD_MATCH = YES;
				"CODE_SIGN_IDENTITY[sdk=iphoneos*]" = "iPhone Developer";
				COPY_PHASE_STRIP = NO;
				DEBUG_INFORMATION_FORMAT = "dwarf-with-dsym";
				ENABLE_STRICT_OBJC_MSGSEND = YES;
				GCC_C_LANGUAGE_STANDARD = gnu99;
				GCC_DYNAMIC_NO_PIC = NO;
				GCC_NO_COMMON_BLOCKS = YES;
				GCC_OPTIMIZATION_LEVEL = 0;
				GCC_PREPROCESSOR_DEFINITIONS = (
					"DEBUG=1",
					"$(inherited)",
				);
				GCC_SYMBOLS_PRIVATE_EXTERN = NO;
				GCC_WARN_64_TO_32_BIT_CONVERSION = YES;
				GCC_WARN_ABOUT_RETURN_TYPE = YES_ERROR;
				GCC_WARN_UNDECLARED_SELECTOR = YES;
				GCC_WARN_UNINITIALIZED_AUTOS = YES_AGGRESSIVE;
				GCC_WARN_UNUSED_FUNCTION = YES;
				GCC_WARN_UNUSED_VARIABLE = YES;
				IPHONEOS_DEPLOYMENT_TARGET = 8.3;
				MTL_ENABLE_DEBUG_INFO = YES;
				ONLY_ACTIVE_ARCH = YES;
				SDKROOT = iphoneos;
			};
			name = Debug;
		};
		C7497A7E1B2F77CF00F03035 /* Release */ = {
			isa = XCBuildConfiguration;
			buildSettings = {
				ALWAYS_SEARCH_USER_PATHS = NO;
				CLANG_CXX_LANGUAGE_STANDARD = "gnu++0x";
				CLANG_CXX_LIBRARY = "libc++";
				CLANG_ENABLE_MODULES = YES;
				CLANG_ENABLE_OBJC_ARC = YES;
				CLANG_WARN_BOOL_CONVERSION = YES;
				CLANG_WARN_CONSTANT_CONVERSION = YES;
				CLANG_WARN_DIRECT_OBJC_ISA_USAGE = YES_ERROR;
				CLANG_WARN_EMPTY_BODY = YES;
				CLANG_WARN_ENUM_CONVERSION = YES;
				CLANG_WARN_INT_CONVERSION = YES;
				CLANG_WARN_OBJC_ROOT_CLASS = YES_ERROR;
				CLANG_WARN_UNREACHABLE_CODE = YES;
				CLANG_WARN__DUPLICATE_METHOD_MATCH = YES;
				"CODE_SIGN_IDENTITY[sdk=iphoneos*]" = "iPhone Developer";
				COPY_PHASE_STRIP = NO;
				DEBUG_INFORMATION_FORMAT = "dwarf-with-dsym";
				ENABLE_NS_ASSERTIONS = NO;
				ENABLE_STRICT_OBJC_MSGSEND = YES;
				GCC_C_LANGUAGE_STANDARD = gnu99;
				GCC_NO_COMMON_BLOCKS = YES;
				GCC_WARN_64_TO_32_BIT_CONVERSION = YES;
				GCC_WARN_ABOUT_RETURN_TYPE = YES_ERROR;
				GCC_WARN_UNDECLARED_SELECTOR = YES;
				GCC_WARN_UNINITIALIZED_AUTOS = YES_AGGRESSIVE;
				GCC_WARN_UNUSED_FUNCTION = YES;
				GCC_WARN_UNUSED_VARIABLE = YES;
				IPHONEOS_DEPLOYMENT_TARGET = 8.3;
				MTL_ENABLE_DEBUG_INFO = NO;
				SDKROOT = iphoneos;
				VALIDATE_PRODUCT = YES;
			};
			name = Release;
		};
		C7497A801B2F77CF00F03035 /* Debug */ = {
			isa = XCBuildConfiguration;
			buildSettings = {
				ASSETCATALOG_COMPILER_APPICON_NAME = AppIcon;
				INFOPLIST_FILE = FunFacts/Info.plist;
				LD_RUNPATH_SEARCH_PATHS = "$(inherited) @executable_path/Frameworks";
				PRODUCT_NAME = "$(TARGET_NAME)";
			};
			name = Debug;
		};
		C7497A811B2F77CF00F03035 /* Release */ = {
			isa = XCBuildConfiguration;
			buildSettings = {
				ASSETCATALOG_COMPILER_APPICON_NAME = AppIcon;
				INFOPLIST_FILE = FunFacts/Info.plist;
				LD_RUNPATH_SEARCH_PATHS = "$(inherited) @executable_path/Frameworks";
				PRODUCT_NAME = "$(TARGET_NAME)";
			};
			name = Release;
		};
		C7497A831B2F77CF00F03035 /* Debug */ = {
			isa = XCBuildConfiguration;
			buildSettings = {
				BUNDLE_LOADER = "$(TEST_HOST)";
				FRAMEWORK_SEARCH_PATHS = (
					"$(SDKROOT)/Developer/Library/Frameworks",
					"$(inherited)",
				);
				GCC_PREPROCESSOR_DEFINITIONS = (
					"DEBUG=1",
					"$(inherited)",
				);
				INFOPLIST_FILE = FunFactsTests/Info.plist;
				LD_RUNPATH_SEARCH_PATHS = "$(inherited) @executable_path/Frameworks @loader_path/Frameworks";
				PRODUCT_NAME = "$(TARGET_NAME)";
				TEST_HOST = "$(BUILT_PRODUCTS_DIR)/FunFacts.app/FunFacts";
			};
			name = Debug;
		};
		C7497A841B2F77CF00F03035 /* Release */ = {
			isa = XCBuildConfiguration;
			buildSettings = {
				BUNDLE_LOADER = "$(TEST_HOST)";
				FRAMEWORK_SEARCH_PATHS = (
					"$(SDKROOT)/Developer/Library/Frameworks",
					"$(inherited)",
				);
				INFOPLIST_FILE = FunFactsTests/Info.plist;
				LD_RUNPATH_SEARCH_PATHS = "$(inherited) @executable_path/Frameworks @loader_path/Frameworks";
				PRODUCT_NAME = "$(TARGET_NAME)";
				TEST_HOST = "$(BUILT_PRODUCTS_DIR)/FunFacts.app/FunFacts";
			};
			name = Release;
		};
/* End XCBuildConfiguration section */

/* Begin XCConfigurationList section */
		C7497A571B2F77CF00F03035 /* Build configuration list for PBXProject "FunFacts" */ = {
			isa = XCConfigurationList;
			buildConfigurations = (
				C7497A7D1B2F77CF00F03035 /* Debug */,
				C7497A7E1B2F77CF00F03035 /* Release */,
			);
			defaultConfigurationIsVisible = 0;
			defaultConfigurationName = Release;
		};
		C7497A7F1B2F77CF00F03035 /* Build configuration list for PBXNativeTarget "FunFacts" */ = {
			isa = XCConfigurationList;
			buildConfigurations = (
				C7497A801B2F77CF00F03035 /* Debug */,
				C7497A811B2F77CF00F03035 /* Release */,
			);
			defaultConfigurationIsVisible = 0;
			defaultConfigurationName = Release;
		};
		C7497A821B2F77CF00F03035 /* Build configuration list for PBXNativeTarget "FunFactsTests" */ = {
			isa = XCConfigurationList;
			buildConfigurations = (
				C7497A831B2F77CF00F03035 /* Debug */,
				C7497A841B2F77CF00F03035 /* Release */,
			);
			defaultConfigurationIsVisible = 0;
			defaultConfigurationName = Release;
		};
/* End XCConfigurationList section */
	};
	rootObject = C7497A541B2F77CF00F03035 /* Project object */;
}
